
Microsoft Visual Studio Solution File, Format Version 12.00
# Visual Studio Version 17
VisualStudioVersion = 17.9.34616.47
MinimumVisualStudioVersion = 10.0.40219.1
Project("{9A19103F-16F7-4668-BE54-9A1E7A4F7556}") = "ProjectCorpsebloom", "ProjectCorpsebloom.csproj", "{B13297F1-ECDC-4BE9-BF84-C3A1FC0E65CB}"
EndProject
Global
	GlobalSection(SolutionConfigurationPlatforms) = preSolution
		Debug|Any CPU = Debug|Any CPU
		Release|Any CPU = Release|Any CPU
	EndGlobalSection
	GlobalSection(ProjectConfigurationPlatforms) = postSolution
		{B13297F1-ECDC-4BE9-BF84-C3A1FC0E65CB}.Debug|Any CPU.ActiveCfg = Debug|Any CPU
		{B13297F1-ECDC-4BE9-BF84-C3A1FC0E65CB}.Debug|Any CPU.Build.0 = Debug|Any CPU
		{B13297F1-ECDC-4BE9-BF84-C3A1FC0E65CB}.Release|Any CPU.ActiveCfg = Release|Any CPU
		{B13297F1-ECDC-4BE9-BF84-C3A1FC0E65CB}.Release|Any CPU.Build.0 = Release|Any CPU
	EndGlobalSection
	GlobalSection(SolutionProperties) = preSolution
		HideSolutionNode = FALSE
	EndGlobalSection
	GlobalSection(ExtensibilityGlobals) = postSolution
		SolutionGuid = {956A4CC4-2867-43AD-94EC-5D39A2D16BCE}
	EndGlobalSection
EndGlobal
